// !$*UTF8*$!
{
	archiveVersion = 1;
	classes = {
	};
	objectVersion = 46;
	objects = {

/* Begin PBXBuildFile section */
		4C1D21DD1DB319950022BADD /* SignInRootViewController.swift in Sources */ = {isa = PBXBuildFile; fileRef = 4C1D21DC1DB319950022BADD /* SignInRootViewController.swift */; };
		4C1D21DF1DB319AC0022BADD /* CreateAccountRootViewController.swift in Sources */ = {isa = PBXBuildFile; fileRef = 4C1D21DE1DB319AC0022BADD /* CreateAccountRootViewController.swift */; };
		4C1D21E21DB3203B0022BADD /* SignInViewController.swift in Sources */ = {isa = PBXBuildFile; fileRef = 4C1D21E11DB3203B0022BADD /* SignInViewController.swift */; };
		4C1D21E41DB321260022BADD /* CreateAccountViewController.swift in Sources */ = {isa = PBXBuildFile; fileRef = 4C1D21E31DB321260022BADD /* CreateAccountViewController.swift */; };
		4C1D21E61DB32FB10022BADD /* SettingsViewController.swift in Sources */ = {isa = PBXBuildFile; fileRef = 4C1D21E51DB32FB10022BADD /* SettingsViewController.swift */; };
		4C1D21E81DB333260022BADD /* PhotosViewController.swift in Sources */ = {isa = PBXBuildFile; fileRef = 4C1D21E71DB333260022BADD /* PhotosViewController.swift */; };
		4C1D21EA1DB349A10022BADD /* TermsViewController.swift in Sources */ = {isa = PBXBuildFile; fileRef = 4C1D21E91DB349A10022BADD /* TermsViewController.swift */; };
		4C1D21F11DB4823D0022BADD /* WelcomePageViewController.swift in Sources */ = {isa = PBXBuildFile; fileRef = 4C1D21F01DB4823D0022BADD /* WelcomePageViewController.swift */; };
		4CBC36761DAF709300084A51 /* AppDelegate.swift in Sources */ = {isa = PBXBuildFile; fileRef = 4CBC36751DAF709300084A51 /* AppDelegate.swift */; };
		4CBC36781DAF709300084A51 /* ViewController.swift in Sources */ = {isa = PBXBuildFile; fileRef = 4CBC36771DAF709300084A51 /* ViewController.swift */; };
		4CBC367B1DAF709300084A51 /* Main.storyboard in Resources */ = {isa = PBXBuildFile; fileRef = 4CBC36791DAF709300084A51 /* Main.storyboard */; };
		4CBC367D1DAF709300084A51 /* Assets.xcassets in Resources */ = {isa = PBXBuildFile; fileRef = 4CBC367C1DAF709300084A51 /* Assets.xcassets */; };
		4CBC36801DAF709300084A51 /* LaunchScreen.storyboard in Resources */ = {isa = PBXBuildFile; fileRef = 4CBC367E1DAF709300084A51 /* LaunchScreen.storyboard */; };
		4CBC368B1DAF709400084A51 /* DropboxDemoTests.swift in Sources */ = {isa = PBXBuildFile; fileRef = 4CBC368A1DAF709400084A51 /* DropboxDemoTests.swift */; };
		4CBC36961DAF709400084A51 /* DropboxDemoUITests.swift in Sources */ = {isa = PBXBuildFile; fileRef = 4CBC36951DAF709400084A51 /* DropboxDemoUITests.swift */; };
/* End PBXBuildFile section */

/* Begin PBXContainerItemProxy section */
		4CBC36871DAF709400084A51 /* PBXContainerItemProxy */ = {
			isa = PBXContainerItemProxy;
			containerPortal = 4CBC366A1DAF709300084A51 /* Project object */;
			proxyType = 1;
			remoteGlobalIDString = 4CBC36711DAF709300084A51;
			remoteInfo = DropboxDemo;
		};
		4CBC36921DAF709400084A51 /* PBXContainerItemProxy */ = {
			isa = PBXContainerItemProxy;
			containerPortal = 4CBC366A1DAF709300084A51 /* Project object */;
			proxyType = 1;
			remoteGlobalIDString = 4CBC36711DAF709300084A51;
			remoteInfo = DropboxDemo;
		};
/* End PBXContainerItemProxy section */

/* Begin PBXFileReference section */
		4C1D21DC1DB319950022BADD /* SignInRootViewController.swift */ = {isa = PBXFileReference; fileEncoding = 4; lastKnownFileType = sourcecode.swift; path = SignInRootViewController.swift; sourceTree = "<group>"; };
		4C1D21DE1DB319AC0022BADD /* CreateAccountRootViewController.swift */ = {isa = PBXFileReference; fileEncoding = 4; lastKnownFileType = sourcecode.swift; path = CreateAccountRootViewController.swift; sourceTree = "<group>"; };
		4C1D21E11DB3203B0022BADD /* SignInViewController.swift */ = {isa = PBXFileReference; fileEncoding = 4; lastKnownFileType = sourcecode.swift; path = SignInViewController.swift; sourceTree = "<group>"; };
		4C1D21E31DB321260022BADD /* CreateAccountViewController.swift */ = {isa = PBXFileReference; fileEncoding = 4; lastKnownFileType = sourcecode.swift; path = CreateAccountViewController.swift; sourceTree = "<group>"; };
		4C1D21E51DB32FB10022BADD /* SettingsViewController.swift */ = {isa = PBXFileReference; fileEncoding = 4; lastKnownFileType = sourcecode.swift; path = SettingsViewController.swift; sourceTree = "<group>"; };
		4C1D21E71DB333260022BADD /* PhotosViewController.swift */ = {isa = PBXFileReference; fileEncoding = 4; lastKnownFileType = sourcecode.swift; path = PhotosViewController.swift; sourceTree = "<group>"; };
		4C1D21E91DB349A10022BADD /* TermsViewController.swift */ = {isa = PBXFileReference; fileEncoding = 4; lastKnownFileType = sourcecode.swift; path = TermsViewController.swift; sourceTree = "<group>"; };
		4C1D21F01DB4823D0022BADD /* WelcomePageViewController.swift */ = {isa = PBXFileReference; fileEncoding = 4; lastKnownFileType = sourcecode.swift; path = WelcomePageViewController.swift; sourceTree = "<group>"; };
		4CBC36721DAF709300084A51 /* DropboxDemo.app */ = {isa = PBXFileReference; explicitFileType = wrapper.application; includeInIndex = 0; path = DropboxDemo.app; sourceTree = BUILT_PRODUCTS_DIR; };
		4CBC36751DAF709300084A51 /* AppDelegate.swift */ = {isa = PBXFileReference; lastKnownFileType = sourcecode.swift; path = AppDelegate.swift; sourceTree = "<group>"; };
		4CBC36771DAF709300084A51 /* ViewController.swift */ = {isa = PBXFileReference; lastKnownFileType = sourcecode.swift; path = ViewController.swift; sourceTree = "<group>"; };
		4CBC367A1DAF709300084A51 /* Base */ = {isa = PBXFileReference; lastKnownFileType = file.storyboard; name = Base; path = Base.lproj/Main.storyboard; sourceTree = "<group>"; };
		4CBC367C1DAF709300084A51 /* Assets.xcassets */ = {isa = PBXFileReference; lastKnownFileType = folder.assetcatalog; path = Assets.xcassets; sourceTree = "<group>"; };
		4CBC367F1DAF709300084A51 /* Base */ = {isa = PBXFileReference; lastKnownFileType = file.storyboard; name = Base; path = Base.lproj/LaunchScreen.storyboard; sourceTree = "<group>"; };
		4CBC36811DAF709300084A51 /* Info.plist */ = {isa = PBXFileReference; lastKnownFileType = text.plist.xml; path = Info.plist; sourceTree = "<group>"; };
		4CBC36861DAF709400084A51 /* DropboxDemoTests.xctest */ = {isa = PBXFileReference; explicitFileType = wrapper.cfbundle; includeInIndex = 0; path = DropboxDemoTests.xctest; sourceTree = BUILT_PRODUCTS_DIR; };
		4CBC368A1DAF709400084A51 /* DropboxDemoTests.swift */ = {isa = PBXFileReference; lastKnownFileType = sourcecode.swift; path = DropboxDemoTests.swift; sourceTree = "<group>"; };
		4CBC368C1DAF709400084A51 /* Info.plist */ = {isa = PBXFileReference; lastKnownFileType = text.plist.xml; path = Info.plist; sourceTree = "<group>"; };
		4CBC36911DAF709400084A51 /* DropboxDemoUITests.xctest */ = {isa = PBXFileReference; explicitFileType = wrapper.cfbundle; includeInIndex = 0; path = DropboxDemoUITests.xctest; sourceTree = BUILT_PRODUCTS_DIR; };
		4CBC36951DAF709400084A51 /* DropboxDemoUITests.swift */ = {isa = PBXFileReference; lastKnownFileType = sourcecode.swift; path = DropboxDemoUITests.swift; sourceTree = "<group>"; };
		4CBC36971DAF709400084A51 /* Info.plist */ = {isa = PBXFileReference; lastKnownFileType = text.plist.xml; path = Info.plist; sourceTree = "<group>"; };
/* End PBXFileReference section */

/* Begin PBXFrameworksBuildPhase section */
		4CBC366F1DAF709300084A51 /* Frameworks */ = {
			isa = PBXFrameworksBuildPhase;
			buildActionMask = 2147483647;
			files = (
			);
			runOnlyForDeploymentPostprocessing = 0;
		};
		4CBC36831DAF709400084A51 /* Frameworks */ = {
			isa = PBXFrameworksBuildPhase;
			buildActionMask = 2147483647;
			files = (
			);
			runOnlyForDeploymentPostprocessing = 0;
		};
		4CBC368E1DAF709400084A51 /* Frameworks */ = {
			isa = PBXFrameworksBuildPhase;
			buildActionMask = 2147483647;
			files = (
			);
			runOnlyForDeploymentPostprocessing = 0;
		};
/* End PBXFrameworksBuildPhase section */

/* Begin PBXGroup section */
		4C1D21E01DB319B10022BADD /* ViewControllers */ = {
			isa = PBXGroup;
			children = (
				4C1D21DE1DB319AC0022BADD /* CreateAccountRootViewController.swift */,
				4C1D21DC1DB319950022BADD /* SignInRootViewController.swift */,
				4C1D21E11DB3203B0022BADD /* SignInViewController.swift */,
				4C1D21E31DB321260022BADD /* CreateAccountViewController.swift */,
				4C1D21E51DB32FB10022BADD /* SettingsViewController.swift */,
				4C1D21E71DB333260022BADD /* PhotosViewController.swift */,
				4C1D21E91DB349A10022BADD /* TermsViewController.swift */,
			);
			name = ViewControllers;
			sourceTree = "<group>";
		};
		4C1D21F21DB482430022BADD /* PageViewControllers */ = {
			isa = PBXGroup;
			children = (
				4C1D21F01DB4823D0022BADD /* WelcomePageViewController.swift */,
			);
			name = PageViewControllers;
			sourceTree = "<group>";
		};
		4CBC36691DAF709300084A51 = {
			isa = PBXGroup;
			children = (
				4CBC36741DAF709300084A51 /* DropboxDemo */,
				4CBC36891DAF709400084A51 /* DropboxDemoTests */,
				4CBC36941DAF709400084A51 /* DropboxDemoUITests */,
				4CBC36731DAF709300084A51 /* Products */,
			);
			sourceTree = "<group>";
		};
		4CBC36731DAF709300084A51 /* Products */ = {
			isa = PBXGroup;
			children = (
				4CBC36721DAF709300084A51 /* DropboxDemo.app */,
				4CBC36861DAF709400084A51 /* DropboxDemoTests.xctest */,
				4CBC36911DAF709400084A51 /* DropboxDemoUITests.xctest */,
			);
			name = Products;
			sourceTree = "<group>";
		};
		4CBC36741DAF709300084A51 /* DropboxDemo */ = {
			isa = PBXGroup;
			children = (
				4CBC36751DAF709300084A51 /* AppDelegate.swift */,
				4CBC36771DAF709300084A51 /* ViewController.swift */,
				4CBC36791DAF709300084A51 /* Main.storyboard */,
				4C1D21E01DB319B10022BADD /* ViewControllers */,
				4CBC367C1DAF709300084A51 /* Assets.xcassets */,
				4CBC367E1DAF709300084A51 /* LaunchScreen.storyboard */,
				4CBC36811DAF709300084A51 /* Info.plist */,
				4C1D21F21DB482430022BADD /* PageViewControllers */,
			);
			path = DropboxDemo;
			sourceTree = "<group>";
		};
		4CBC36891DAF709400084A51 /* DropboxDemoTests */ = {
			isa = PBXGroup;
			children = (
				4CBC368A1DAF709400084A51 /* DropboxDemoTests.swift */,
				4CBC368C1DAF709400084A51 /* Info.plist */,
			);
			path = DropboxDemoTests;
			sourceTree = "<group>";
		};
		4CBC36941DAF709400084A51 /* DropboxDemoUITests */ = {
			isa = PBXGroup;
			children = (
				4CBC36951DAF709400084A51 /* DropboxDemoUITests.swift */,
				4CBC36971DAF709400084A51 /* Info.plist */,
			);
			path = DropboxDemoUITests;
			sourceTree = "<group>";
		};
/* End PBXGroup section */

/* Begin PBXNativeTarget section */
		4CBC36711DAF709300084A51 /* DropboxDemo */ = {
			isa = PBXNativeTarget;
			buildConfigurationList = 4CBC369A1DAF709400084A51 /* Build configuration list for PBXNativeTarget "DropboxDemo" */;
			buildPhases = (
				4CBC366E1DAF709300084A51 /* Sources */,
				4CBC366F1DAF709300084A51 /* Frameworks */,
				4CBC36701DAF709300084A51 /* Resources */,
			);
			buildRules = (
			);
			dependencies = (
			);
			name = DropboxDemo;
			productName = DropboxDemo;
			productReference = 4CBC36721DAF709300084A51 /* DropboxDemo.app */;
			productType = "com.apple.product-type.application";
		};
		4CBC36851DAF709400084A51 /* DropboxDemoTests */ = {
			isa = PBXNativeTarget;
			buildConfigurationList = 4CBC369D1DAF709400084A51 /* Build configuration list for PBXNativeTarget "DropboxDemoTests" */;
			buildPhases = (
				4CBC36821DAF709400084A51 /* Sources */,
				4CBC36831DAF709400084A51 /* Frameworks */,
				4CBC36841DAF709400084A51 /* Resources */,
			);
			buildRules = (
			);
			dependencies = (
				4CBC36881DAF709400084A51 /* PBXTargetDependency */,
			);
			name = DropboxDemoTests;
			productName = DropboxDemoTests;
			productReference = 4CBC36861DAF709400084A51 /* DropboxDemoTests.xctest */;
			productType = "com.apple.product-type.bundle.unit-test";
		};
		4CBC36901DAF709400084A51 /* DropboxDemoUITests */ = {
			isa = PBXNativeTarget;
			buildConfigurationList = 4CBC36A01DAF709400084A51 /* Build configuration list for PBXNativeTarget "DropboxDemoUITests" */;
			buildPhases = (
				4CBC368D1DAF709400084A51 /* Sources */,
				4CBC368E1DAF709400084A51 /* Frameworks */,
				4CBC368F1DAF709400084A51 /* Resources */,
			);
			buildRules = (
			);
			dependencies = (
				4CBC36931DAF709400084A51 /* PBXTargetDependency */,
			);
			name = DropboxDemoUITests;
			productName = DropboxDemoUITests;
			productReference = 4CBC36911DAF709400084A51 /* DropboxDemoUITests.xctest */;
			productType = "com.apple.product-type.bundle.ui-testing";
		};
/* End PBXNativeTarget section */

/* Begin PBXProject section */
		4CBC366A1DAF709300084A51 /* Project object */ = {
			isa = PBXProject;
			attributes = {
				LastSwiftUpdateCheck = 0800;
				LastUpgradeCheck = 0800;
				ORGANIZATIONNAME = "Michael Volovar";
				TargetAttributes = {
					4CBC36711DAF709300084A51 = {
						CreatedOnToolsVersion = 8.0;
						ProvisioningStyle = Automatic;
					};
					4CBC36851DAF709400084A51 = {
						CreatedOnToolsVersion = 8.0;
						ProvisioningStyle = Automatic;
						TestTargetID = 4CBC36711DAF709300084A51;
					};
					4CBC36901DAF709400084A51 = {
						CreatedOnToolsVersion = 8.0;
						ProvisioningStyle = Automatic;
						TestTargetID = 4CBC36711DAF709300084A51;
					};
				};
			};
			buildConfigurationList = 4CBC366D1DAF709300084A51 /* Build configuration list for PBXProject "DropboxDemo" */;
			compatibilityVersion = "Xcode 3.2";
			developmentRegion = English;
			hasScannedForEncodings = 0;
			knownRegions = (
				en,
				Base,
			);
			mainGroup = 4CBC36691DAF709300084A51;
			productRefGroup = 4CBC36731DAF709300084A51 /* Products */;
			projectDirPath = "";
			projectRoot = "";
			targets = (
				4CBC36711DAF709300084A51 /* DropboxDemo */,
				4CBC36851DAF709400084A51 /* DropboxDemoTests */,
				4CBC36901DAF709400084A51 /* DropboxDemoUITests */,
			);
		};
/* End PBXProject section */

/* Begin PBXResourcesBuildPhase section */
		4CBC36701DAF709300084A51 /* Resources */ = {
			isa = PBXResourcesBuildPhase;
			buildActionMask = 2147483647;
			files = (
				4CBC36801DAF709300084A51 /* LaunchScreen.storyboard in Resources */,
				4CBC367D1DAF709300084A51 /* Assets.xcassets in Resources */,
				4CBC367B1DAF709300084A51 /* Main.storyboard in Resources */,
			);
			runOnlyForDeploymentPostprocessing = 0;
		};
		4CBC36841DAF709400084A51 /* Resources */ = {
			isa = PBXResourcesBuildPhase;
			buildActionMask = 2147483647;
			files = (
			);
			runOnlyForDeploymentPostprocessing = 0;
		};
		4CBC368F1DAF709400084A51 /* Resources */ = {
			isa = PBXResourcesBuildPhase;
			buildActionMask = 2147483647;
			files = (
			);
			runOnlyForDeploymentPostprocessing = 0;
		};
/* End PBXResourcesBuildPhase section */

/* Begin PBXSourcesBuildPhase section */
		4CBC366E1DAF709300084A51 /* Sources */ = {
			isa = PBXSourcesBuildPhase;
			buildActionMask = 2147483647;
			files = (
				4C1D21E41DB321260022BADD /* CreateAccountViewController.swift in Sources */,
				4C1D21E81DB333260022BADD /* PhotosViewController.swift in Sources */,
				4C1D21DF1DB319AC0022BADD /* CreateAccountRootViewController.swift in Sources */,
				4C1D21E61DB32FB10022BADD /* SettingsViewController.swift in Sources */,
				4C1D21F11DB4823D0022BADD /* WelcomePageViewController.swift in Sources */,
				4C1D21EA1DB349A10022BADD /* TermsViewController.swift in Sources */,
				4CBC36781DAF709300084A51 /* ViewController.swift in Sources */,
				4CBC36761DAF709300084A51 /* AppDelegate.swift in Sources */,
				4C1D21E21DB3203B0022BADD /* SignInViewController.swift in Sources */,
				4C1D21DD1DB319950022BADD /* SignInRootViewController.swift in Sources */,
			);
			runOnlyForDeploymentPostprocessing = 0;
		};
		4CBC36821DAF709400084A51 /* Sources */ = {
			isa = PBXSourcesBuildPhase;
			buildActionMask = 2147483647;
			files = (
				4CBC368B1DAF709400084A51 /* DropboxDemoTests.swift in Sources */,
			);
			runOnlyForDeploymentPostprocessing = 0;
		};
		4CBC368D1DAF709400084A51 /* Sources */ = {
			isa = PBXSourcesBuildPhase;
			buildActionMask = 2147483647;
			files = (
				4CBC36961DAF709400084A51 /* DropboxDemoUITests.swift in Sources */,
			);
			runOnlyForDeploymentPostprocessing = 0;
		};
/* End PBXSourcesBuildPhase section */

/* Begin PBXTargetDependency section */
		4CBC36881DAF709400084A51 /* PBXTargetDependency */ = {
			isa = PBXTargetDependency;
			target = 4CBC36711DAF709300084A51 /* DropboxDemo */;
			targetProxy = 4CBC36871DAF709400084A51 /* PBXContainerItemProxy */;
		};
		4CBC36931DAF709400084A51 /* PBXTargetDependency */ = {
			isa = PBXTargetDependency;
			target = 4CBC36711DAF709300084A51 /* DropboxDemo */;
			targetProxy = 4CBC36921DAF709400084A51 /* PBXContainerItemProxy */;
		};
/* End PBXTargetDependency section */

/* Begin PBXVariantGroup section */
		4CBC36791DAF709300084A51 /* Main.storyboard */ = {
			isa = PBXVariantGroup;
			children = (
				4CBC367A1DAF709300084A51 /* Base */,
			);
			name = Main.storyboard;
			sourceTree = "<group>";
		};
		4CBC367E1DAF709300084A51 /* LaunchScreen.storyboard */ = {
			isa = PBXVariantGroup;
			children = (
				4CBC367F1DAF709300084A51 /* Base */,
			);
			name = LaunchScreen.storyboard;
			sourceTree = "<group>";
		};
/* End PBXVariantGroup section */

/* Begin XCBuildConfiguration section */
		4CBC36981DAF709400084A51 /* Debug */ = {
			isa = XCBuildConfiguration;
			buildSettings = {
				ALWAYS_SEARCH_USER_PATHS = NO;
				CLANG_ANALYZER_NONNULL = YES;
				CLANG_CXX_LANGUAGE_STANDARD = "gnu++0x";
				CLANG_CXX_LIBRARY = "libc++";
				CLANG_ENABLE_MODULES = YES;
				CLANG_ENABLE_OBJC_ARC = YES;
				CLANG_WARN_BOOL_CONVERSION = YES;
				CLANG_WARN_CONSTANT_CONVERSION = YES;
				CLANG_WARN_DIRECT_OBJC_ISA_USAGE = YES_ERROR;
				CLANG_WARN_DOCUMENTATION_COMMENTS = YES;
				CLANG_WARN_EMPTY_BODY = YES;
				CLANG_WARN_ENUM_CONVERSION = YES;
				CLANG_WARN_INFINITE_RECURSION = YES;
				CLANG_WARN_INT_CONVERSION = YES;
				CLANG_WARN_OBJC_ROOT_CLASS = YES_ERROR;
				CLANG_WARN_SUSPICIOUS_MOVES = YES;
				CLANG_WARN_UNREACHABLE_CODE = YES;
				CLANG_WARN__DUPLICATE_METHOD_MATCH = YES;
				"CODE_SIGN_IDENTITY[sdk=iphoneos*]" = "iPhone Developer";
				COPY_PHASE_STRIP = NO;
				DEBUG_INFORMATION_FORMAT = dwarf;
				ENABLE_STRICT_OBJC_MSGSEND = YES;
				ENABLE_TESTABILITY = YES;
				GCC_C_LANGUAGE_STANDARD = gnu99;
				GCC_DYNAMIC_NO_PIC = NO;
				GCC_NO_COMMON_BLOCKS = YES;
				GCC_OPTIMIZATION_LEVEL = 0;
				GCC_PREPROCESSOR_DEFINITIONS = (
					"DEBUG=1",
					"$(inherited)",
				);
				GCC_WARN_64_TO_32_BIT_CONVERSION = YES;
				GCC_WARN_ABOUT_RETURN_TYPE = YES_ERROR;
				GCC_WARN_UNDECLARED_SELECTOR = YES;
				GCC_WARN_UNINITIALIZED_AUTOS = YES_AGGRESSIVE;
				GCC_WARN_UNUSED_FUNCTION = YES;
				GCC_WARN_UNUSED_VARIABLE = YES;
				IPHONEOS_DEPLOYMENT_TARGET = 10.0;
				MTL_ENABLE_DEBUG_INFO = YES;
				ONLY_ACTIVE_ARCH = YES;
				SDKROOT = iphoneos;
				SWIFT_ACTIVE_COMPILATION_CONDITIONS = DEBUG;
				SWIFT_OPTIMIZATION_LEVEL = "-Onone";
			};
			name = Debug;
		};
		4CBC36991DAF709400084A51 /* Release */ = {
			isa = XCBuildConfiguration;
			buildSettings = {
				ALWAYS_SEARCH_USER_PATHS = NO;
				CLANG_ANALYZER_NONNULL = YES;
				CLANG_CXX_LANGUAGE_STANDARD = "gnu++0x";
				CLANG_CXX_LIBRARY = "libc++";
				CLANG_ENABLE_MODULES = YES;
				CLANG_ENABLE_OBJC_ARC = YES;
				CLANG_WARN_BOOL_CONVERSION = YES;
				CLANG_WARN_CONSTANT_CONVERSION = YES;
				CLANG_WARN_DIRECT_OBJC_ISA_USAGE = YES_ERROR;
				CLANG_WARN_DOCUMENTATION_COMMENTS = YES;
				CLANG_WARN_EMPTY_BODY = YES;
				CLANG_WARN_ENUM_CONVERSION = YES;
				CLANG_WARN_INFINITE_RECURSION = YES;
				CLANG_WARN_INT_CONVERSION = YES;
				CLANG_WARN_OBJC_ROOT_CLASS = YES_ERROR;
				CLANG_WARN_SUSPICIOUS_MOVES = YES;
				CLANG_WARN_UNREACHABLE_CODE = YES;
				CLANG_WARN__DUPLICATE_METHOD_MATCH = YES;
				"CODE_SIGN_IDENTITY[sdk=iphoneos*]" = "iPhone Developer";
				COPY_PHASE_STRIP = NO;
				DEBUG_INFORMATION_FORMAT = "dwarf-with-dsym";
				ENABLE_NS_ASSERTIONS = NO;
				ENABLE_STRICT_OBJC_MSGSEND = YES;
				GCC_C_LANGUAGE_STANDARD = gnu99;
				GCC_NO_COMMON_BLOCKS = YES;
				GCC_WARN_64_TO_32_BIT_CONVERSION = YES;
				GCC_WARN_ABOUT_RETURN_TYPE = YES_ERROR;
				GCC_WARN_UNDECLARED_SELECTOR = YES;
				GCC_WARN_UNINITIALIZED_AUTOS = YES_AGGRESSIVE;
				GCC_WARN_UNUSED_FUNCTION = YES;
				GCC_WARN_UNUSED_VARIABLE = YES;
				IPHONEOS_DEPLOYMENT_TARGET = 10.0;
				MTL_ENABLE_DEBUG_INFO = NO;
				SDKROOT = iphoneos;
				SWIFT_OPTIMIZATION_LEVEL = "-Owholemodule";
				VALIDATE_PRODUCT = YES;
			};
			name = Release;
		};
		4CBC369B1DAF709400084A51 /* Debug */ = {
			isa = XCBuildConfiguration;
			buildSettings = {
				ASSETCATALOG_COMPILER_APPICON_NAME = AppIcon;
				INFOPLIST_FILE = DropboxDemo/Info.plist;
				LD_RUNPATH_SEARCH_PATHS = "$(inherited) @executable_path/Frameworks";
				PRODUCT_BUNDLE_IDENTIFIER = com.volovar.DropboxDemo;
				PRODUCT_NAME = "$(TARGET_NAME)";
				SWIFT_VERSION = 3.0;
			};
			name = Debug;
		};
		4CBC369C1DAF709400084A51 /* Release */ = {
			isa = XCBuildConfiguration;
			buildSettings = {
				ASSETCATALOG_COMPILER_APPICON_NAME = AppIcon;
				INFOPLIST_FILE = DropboxDemo/Info.plist;
				LD_RUNPATH_SEARCH_PATHS = "$(inherited) @executable_path/Frameworks";
				PRODUCT_BUNDLE_IDENTIFIER = com.volovar.DropboxDemo;
				PRODUCT_NAME = "$(TARGET_NAME)";
				SWIFT_VERSION = 3.0;
			};
			name = Release;
		};
		4CBC369E1DAF709400084A51 /* Debug */ = {
			isa = XCBuildConfiguration;
			buildSettings = {
				ALWAYS_EMBED_SWIFT_STANDARD_LIBRARIES = YES;
				BUNDLE_LOADER = "$(TEST_HOST)";
				INFOPLIST_FILE = DropboxDemoTests/Info.plist;
				LD_RUNPATH_SEARCH_PATHS = "$(inherited) @executable_path/Frameworks @loader_path/Frameworks";
				PRODUCT_BUNDLE_IDENTIFIER = com.volovar.DropboxDemoTests;
				PRODUCT_NAME = "$(TARGET_NAME)";
				SWIFT_VERSION = 3.0;
				TEST_HOST = "$(BUILT_PRODUCTS_DIR)/DropboxDemo.app/DropboxDemo";
			};
			name = Debug;
		};
		4CBC369F1DAF709400084A51 /* Release */ = {
			isa = XCBuildConfiguration;
			buildSettings = {
				ALWAYS_EMBED_SWIFT_STANDARD_LIBRARIES = YES;
				BUNDLE_LOADER = "$(TEST_HOST)";
				INFOPLIST_FILE = DropboxDemoTests/Info.plist;
				LD_RUNPATH_SEARCH_PATHS = "$(inherited) @executable_path/Frameworks @loader_path/Frameworks";
				PRODUCT_BUNDLE_IDENTIFIER = com.volovar.DropboxDemoTests;
				PRODUCT_NAME = "$(TARGET_NAME)";
				SWIFT_VERSION = 3.0;
				TEST_HOST = "$(BUILT_PRODUCTS_DIR)/DropboxDemo.app/DropboxDemo";
			};
			name = Release;
		};
		4CBC36A11DAF709400084A51 /* Debug */ = {
			isa = XCBuildConfiguration;
			buildSettings = {
				ALWAYS_EMBED_SWIFT_STANDARD_LIBRARIES = YES;
				INFOPLIST_FILE = DropboxDemoUITests/Info.plist;
				LD_RUNPATH_SEARCH_PATHS = "$(inherited) @executable_path/Frameworks @loader_path/Frameworks";
				PRODUCT_BUNDLE_IDENTIFIER = com.volovar.DropboxDemoUITests;
				PRODUCT_NAME = "$(TARGET_NAME)";
				SWIFT_VERSION = 3.0;
				TEST_TARGET_NAME = DropboxDemo;
			};
			name = Debug;
		};
		4CBC36A21DAF709400084A51 /* Release */ = {
			isa = XCBuildConfiguration;
			buildSettings = {
				ALWAYS_EMBED_SWIFT_STANDARD_LIBRARIES = YES;
				INFOPLIST_FILE = DropboxDemoUITests/Info.plist;
				LD_RUNPATH_SEARCH_PATHS = "$(inherited) @executable_path/Frameworks @loader_path/Frameworks";
				PRODUCT_BUNDLE_IDENTIFIER = com.volovar.DropboxDemoUITests;
				PRODUCT_NAME = "$(TARGET_NAME)";
				SWIFT_VERSION = 3.0;
				TEST_TARGET_NAME = DropboxDemo;
			};
			name = Release;
		};
/* End XCBuildConfiguration section */

/* Begin XCConfigurationList section */
		4CBC366D1DAF709300084A51 /* Build configuration list for PBXProject "DropboxDemo" */ = {
			isa = XCConfigurationList;
			buildConfigurations = (
				4CBC36981DAF709400084A51 /* Debug */,
				4CBC36991DAF709400084A51 /* Release */,
			);
			defaultConfigurationIsVisible = 0;
			defaultConfigurationName = Release;
		};
		4CBC369A1DAF709400084A51 /* Build configuration list for PBXNativeTarget "DropboxDemo" */ = {
			isa = XCConfigurationList;
			buildConfigurations = (
				4CBC369B1DAF709400084A51 /* Debug */,
				4CBC369C1DAF709400084A51 /* Release */,
			);
			defaultConfigurationIsVisible = 0;
			defaultConfigurationName = Release;
		};
		4CBC369D1DAF709400084A51 /* Build configuration list for PBXNativeTarget "DropboxDemoTests" */ = {
			isa = XCConfigurationList;
			buildConfigurations = (
				4CBC369E1DAF709400084A51 /* Debug */,
				4CBC369F1DAF709400084A51 /* Release */,
			);
			defaultConfigurationIsVisible = 0;
			defaultConfigurationName = Release;
		};
		4CBC36A01DAF709400084A51 /* Build configuration list for PBXNativeTarget "DropboxDemoUITests" */ = {
			isa = XCConfigurationList;
			buildConfigurations = (
				4CBC36A11DAF709400084A51 /* Debug */,
				4CBC36A21DAF709400084A51 /* Release */,
			);
			defaultConfigurationIsVisible = 0;
			defaultConfigurationName = Release;
		};
/* End XCConfigurationList section */
	};
	rootObject = 4CBC366A1DAF709300084A51 /* Project object */;
}
